
Microsoft Visual Studio Solution File, Format Version 12.00
# Visual Studio Version 17
VisualStudioVersion = 17.9.34701.34
MinimumVisualStudioVersion = 10.0.40219.1
Project("{9A19103F-16F7-4668-BE54-9A1E7A4F7556}") = "PatientInformationManagement", "PatientInformationManagement\PatientInformationManagement.csproj", "{F48BB156-605D-4DA2-B750-CBDC202450E1}"
EndProject
Project("{FAE04EC0-301F-11D3-BF4B-00C04F79EFBC}") = "PatientInformation", "PatientInformation\PatientInformation.csproj", "{208E6E03-8F34-49A9-AC4A-C061C83693E7}"
EndProject
Global
	GlobalSection(SolutionConfigurationPlatforms) = preSolution
		Debug|Any CPU = Debug|Any CPU
		Release|Any CPU = Release|Any CPU
	EndGlobalSection
	GlobalSection(ProjectConfigurationPlatforms) = postSolution
		{F48BB156-605D-4DA2-B750-CBDC202450E1}.Debug|Any CPU.ActiveCfg = Debug|Any CPU
		{F48BB156-605D-4DA2-B750-CBDC202450E1}.Debug|Any CPU.Build.0 = Debug|Any CPU
		{F48BB156-605D-4DA2-B750-CBDC202450E1}.Release|Any CPU.ActiveCfg = Release|Any CPU
		{F48BB156-605D-4DA2-B750-CBDC202450E1}.Release|Any CPU.Build.0 = Release|Any CPU
		{208E6E03-8F34-49A9-AC4A-C061C83693E7}.Debug|Any CPU.ActiveCfg = Debug|Any CPU
		{208E6E03-8F34-49A9-AC4A-C061C83693E7}.Debug|Any CPU.Build.0 = Debug|Any CPU
		{208E6E03-8F34-49A9-AC4A-C061C83693E7}.Release|Any CPU.ActiveCfg = Release|Any CPU
		{208E6E03-8F34-49A9-AC4A-C061C83693E7}.Release|Any CPU.Build.0 = Release|Any CPU
	EndGlobalSection
	GlobalSection(SolutionProperties) = preSolution
		HideSolutionNode = FALSE
	EndGlobalSection
	GlobalSection(ExtensibilityGlobals) = postSolution
		SolutionGuid = {6B8B74EB-4BD9-417C-89B9-8403D947270C}
	EndGlobalSection
EndGlobal
